{
  "requires": true,
  "lockfileVersion": 1,
  "dependencies": {
    "@cyrilf/vue-dat-gui": {
      "version": "0.3.0",
      "resolved": "https://registry.npmjs.org/@cyrilf/vue-dat-gui/-/vue-dat-gui-0.3.0.tgz",
      "integrity": "sha512-Uyw+7AviJIFY+rOp14aLQyKJtAtmSEEJjPXQlwNvQ/grV9b7jT1BZq7B1DbMWf5186r8EO40gnWfTOCpxv99yg==",
      "requires": {
        "core-js": "^2.6.5",
        "lodash.clamp": "^4.0.3",
        "lodash.tonumber": "^4.0.3",
        "v-color": "^1.1.2",
        "vue": "^2.6.10"
      }
    },
    "core-js": {
      "version": "2.6.12",
      "resolved": "https://registry.npmjs.org/core-js/-/core-js-2.6.12.tgz",
      "integrity": "sha512-Kb2wC0fvsWfQrgk8HU5lW6U/Lcs8+9aaYcy4ZFc6DDlo4nZ7n70dEgE5rtR0oG6ufKDUnrwfWL1mXR5ljDatrQ=="
    },
    "invariant": {
      "version": "2.2.4",
      "resolved": "https://registry.npmjs.org/invariant/-/invariant-2.2.4.tgz",
      "integrity": "sha512-phJfQVBuaJM5raOpJjSfkiD6BpbCE4Ns//LaXl6wGYtUBY83nWS6Rf9tXm2e8VaK60JEjYldbPif/A2B1C2gNA==",
      "requires": {
        "loose-envify": "^1.0.0"
      }
    },
    "js-tokens": {
      "version": "4.0.0",
      "resolved": "https://registry.npmjs.org/js-tokens/-/js-tokens-4.0.0.tgz",
      "integrity": "sha512-RdJUflcE3cUzKiMqQgsCu06FPu9UdIJO0beYbPhHN4k6apgJtifcoCtT9bcxOpYBtpD2kCM6Sbzg4CausW/PKQ=="
    },
    "lodash": {
      "version": "4.17.21",
      "resolved": "https://registry.npmjs.org/lodash/-/lodash-4.17.21.tgz",
      "integrity": "sha512-v2kDEe57lecTulaDIuNTPy3Ry4gLGJ6Z1O3vE1krgXZNrsQ+LFTGHVxVjcXPs17LhbZVGedAJv8XZ1tvj5FvSg=="
    },
    "lodash.clamp": {
      "version": "4.0.3",
      "resolved": "https://registry.npmjs.org/lodash.clamp/-/lodash.clamp-4.0.3.tgz",
      "integrity": "sha1-XCS+3u7vB1NWDcK0y0Zx+Qpt36o="
    },
    "lodash.tonumber": {
      "version": "4.0.3",
      "resolved": "https://registry.npmjs.org/lodash.tonumber/-/lodash.tonumber-4.0.3.tgz",
      "integrity": "sha1-C5azGzVnJ5Prf1pj7nkfG56QJdk="
    },
    "loose-envify": {
      "version": "1.4.0",
      "resolved": "https://registry.npmjs.org/loose-envify/-/loose-envify-1.4.0.tgz",
      "integrity": "sha512-lyuxPGr/Wfhrlem2CL/UcnUc1zcqKAImBDzukY7Y5F/yQiNdko6+fRLevlw1HgMySw7f611UIY408EtxRSoK3Q==",
      "requires": {
        "js-tokens": "^3.0.0 || ^4.0.0"
      }
    },
    "object-assign": {
      "version": "4.1.1",
      "resolved": "https://registry.npmjs.org/object-assign/-/object-assign-4.1.1.tgz",
      "integrity": "sha1-IQmtx5ZYh8/AXLvUQsrIv7s2CGM="
    },
    "pure-color": {
      "version": "1.3.0",
      "resolved": "https://registry.npmjs.org/pure-color/-/pure-color-1.3.0.tgz",
      "integrity": "sha1-H+Bk+wrIUfDeYTIKi/eWg2Qi8z4="
    },
    "v-color": {
      "version": "1.1.2",
      "resolved": "https://registry.npmjs.org/v-color/-/v-color-1.1.2.tgz",
      "integrity": "sha512-C3lbi9wjAnR4OVV41R73setGfdDAALcpv0u38vEqOpQY4nP7Tc7VyY2j/iUyKcSfOqczETas/xqIjeNvI7aHXQ==",
      "requires": {
        "invariant": "^2.2.4",
        "lodash": "^4.17.10",
        "object-assign": "^4.1.1",
        "pure-color": "^1.3.0",
        "v-ctrl": "^1.1.0"
      }
    },
    "v-ctrl": {
      "version": "1.1.0",
      "resolved": "https://registry.npmjs.org/v-ctrl/-/v-ctrl-1.1.0.tgz",
      "integrity": "sha1-1hj6Id0Skchi9VbTIiSJ5+ngiqg=",
      "requires": {
        "lodash": "^4.17.4"
      }
    },
    "vue": {
      "version": "2.6.12",
      "resolved": "https://registry.npmjs.org/vue/-/vue-2.6.12.tgz",
      "integrity": "sha512-uhmLFETqPPNyuLLbsKz6ioJ4q7AZHzD8ZVFNATNyICSZouqP2Sz0rotWQC8UNBF6VGSCs5abnKJoStA6JbCbfg=="
    }
  }
}
